# This file is automatically @generated by Cargo.
# It is not intended for manual editing.
version = 4

[[package]]
name = "buddy-alloc"
version = "0.6.0"
source = "registry+https://github.com/rust-lang/crates.io-index"
checksum = "ee741d62dcaf41ca303576ef890989ccb01d5dd77f8ce1a6d6c7846ab5d09efb"

[[package]]
name = "libc"
version = "0.2.186"
source = "registry+https://github.com/rust-lang/crates.io-index"
checksum = "68ab91017fe16c622486840e4c83c9a37afeff978bd239b5293d61ece587de66"

[[package]]
name = "libposix"
version = "0.1.0"
dependencies = [
 "libc",
]

[[package]]
name = "user"
version = "1.0.0"
dependencies = [
 "libposix",
 "xv8",
]

[[package]]
name = "xv8"
version = "0.1.0"
dependencies = [
 "buddy-alloc",
]
